
Microsoft Visual Studio Solution File, Format Version 12.00
# Visual Studio Version 17
VisualStudioVersion = 17.6.33801.468
MinimumVisualStudioVersion = 10.0.40219.1
Project("{FAE04EC0-301F-11D3-BF4B-00C04F79EFBC}") = "Aula nova dia novo mas mesma tristeza", "Aula nova dia novo mas mesma tristeza\Aula nova dia novo mas mesma tristeza.csproj", "{CF89E512-D547-4F22-9DDC-DDBEBCFDD387}"
EndProject
Global
	GlobalSection(SolutionConfigurationPlatforms) = preSolution
		Debug|Any CPU = Debug|Any CPU
		Release|Any CPU = Release|Any CPU
	EndGlobalSection
	GlobalSection(ProjectConfigurationPlatforms) = postSolution
		{CF89E512-D547-4F22-9DDC-DDBEBCFDD387}.Debug|Any CPU.ActiveCfg = Debug|Any CPU
		{CF89E512-D547-4F22-9DDC-DDBEBCFDD387}.Debug|Any CPU.Build.0 = Debug|Any CPU
		{CF89E512-D547-4F22-9DDC-DDBEBCFDD387}.Release|Any CPU.ActiveCfg = Release|Any CPU
		{CF89E512-D547-4F22-9DDC-DDBEBCFDD387}.Release|Any CPU.Build.0 = Release|Any CPU
	EndGlobalSection
	GlobalSection(SolutionProperties) = preSolution
		HideSolutionNode = FALSE
	EndGlobalSection
	GlobalSection(ExtensibilityGlobals) = postSolution
		SolutionGuid = {2A07906B-EA67-48EB-B482-F62F3742E1C0}
	EndGlobalSection
EndGlobal
